{
    "_meta": {
        "hash": {
            "sha256": "890b433d0862d604b633683a9100e86f3ad3b2c892405817233a28eafe75b0ce"
        },
        "pipfile-spec": 6,
        "requires": {
            "python_version": "2.7"
        },
        "sources": [
            {
                "name": "pypi",
                "url": "https://pypi.org/simple",
                "verify_ssl": true
            }
        ]
    },
    "default": {
        "certifi": {
            "hashes": [
                "sha256:59b7658e26ca9c7339e00f8f4636cdfe59d34fa37b9b04f6f9e9926b3cece1a5",
                "sha256:b26104d6835d1f5e49452a26eb2ff87fe7090b89dfcaee5ea2212697e1e1d7ae"
            ],
            "version": "==2019.3.9"
        },
        "chardet": {
            "hashes": [
                "sha256:84ab92ed1c4d4f16916e05906b6b75a6c0fb5db821cc65e70cbd64a3e2a5eaae",
                "sha256:fc323ffcaeaed0e0a02bf4d117757b98aed530d9ed4531e3e15460124c106691"
            ],
            "version": "==3.0.4"
        },
        "click": {
            "hashes": [
                "sha256:2335065e6395b9e67ca716de5f7526736bfa6ceead690adf616d925bdc622b13",
                "sha256:5b94b49521f6456670fdb30cd82a4eca9412788a93fa6dd6df72c94d5a8ff2d7"
            ],
            "version": "==7.0"
        },
        "diskcache": {
            "hashes": [
                "sha256:99db0eec5c86060b3ae906009d86bb99f70d36a09836606396ae3b237cc92b18",
                "sha256:f5fa6a2274bc4fc2f1c884034f9ab1cc838054421ff493524732f52cc1174fbc"
            ],
            "version": "==3.1.1"
        },
        "girder-client": {
            "hashes": [
                "sha256:1a9c882b8bce2e8233f572a4df9565c678e5614993e6606cdff04251532cddcb"
            ],
            "index": "pypi",
            "version": "==2.4.0"
        },
        "idna": {
            "hashes": [
                "sha256:c357b3f628cf53ae2c4c05627ecc484553142ca23264e593d327bcde5e9c3407",
                "sha256:ea8b7f6188e6fa117537c3df7da9fc686d485087abf6ac197f9c46432f7e4a3c"
            ],
            "version": "==2.8"
        },
        "requests": {
            "hashes": [
                "sha256:11e007a8a2aa0323f5a921e9e6a2d7e4e67d9877e85773fba9ba6419025cbeb4",
                "sha256:9cf5292fcd0f598c671cfc1e0d7d1a7f13bb8085e9a590f48c010551dc6c4b31"
            ],
            "index": "pypi",
            "version": "==2.22.0"
        },
        "requests-toolbelt": {
            "hashes": [
                "sha256:380606e1d10dc85c3bd47bf5a6095f815ec007be7a8b69c878507068df059e6f",
                "sha256:968089d4584ad4ad7c171454f0a5c6dac23971e9472521ea3b6d49d610aa6fc0"
            ],
            "version": "==0.9.1"
        },
        "six": {
            "hashes": [
                "sha256:3350809f0555b11f552448330d0b52d5f24c91a322ea4a15ef22629740f3761c",
                "sha256:d16a0141ec1a18405cd4ce8b4613101da75da0e9a7aec5bdd4fa804d0e0eba73"
            ],
            "version": "==1.12.0"
        },
        "urllib3": {
            "hashes": [
                "sha256:b246607a25ac80bedac05c6f282e3cdaf3afb65420fd024ac94435cabe6e18d1",
                "sha256:dbe59173209418ae49d485b87d1681aefa36252ee85884c31346debd19463232"
            ],
            "version": "==1.25.3"
        },
        "vtk": {
            "hashes": [
                "sha256:110dd7d730584b2e8c13e15f1b245d1b5afb9a6e163223e1fb0e775cec818e92",
                "sha256:28df91add29d9cdd6c49235b2c65e31ab50c8655c56ad1a5914b605e22554d7d",
                "sha256:34b43d32609d81d94a7122e388f7d6a0883138438484d0ee29158726810f6704",
                "sha256:44454f9dd6c41f20b904b41e1ac0dd06cc3367952da1a8d8d3074e1a40dce916",
                "sha256:56e73eeba6402ba497a24ebdbe773cadbf01b9f7c12b3a2e26f8b40f203d718e",
                "sha256:5c2634afaabd2243c5fbe0f4aa9cff66537cfbcb5d4893e93c31cfce878a413c",
                "sha256:8c6809a3526c8cf06b921dec06cd672f54baa3a050124f0f19f0adb6cf283aa4",
                "sha256:cd68246764412e8f6855e8e73772392aa826b9d6c3d59e7544ce22af1ad7dcc8",
                "sha256:d4d834d29abf98c67a63328c271e82bde3f769cbae295fb91e840bead2298d13",
                "sha256:e790aed1a776d3682b2c38a5a795a0f46e3043f96ed113a3bbaf7ef5eaaeba08",
                "sha256:ee17372ded18987480e3e07405f9b36fc4e2a0c1da1503628c4980a3957d7c98"
            ],
            "index": "pypi",
            "version": "==8.1.2"
        }
    },
    "develop": {}
}
